// !$*UTF8*$!
{
	archiveVersion = 1;
	classes = {
	};
	objectVersion = 50;
	objects = {

/* Begin PBXBuildFile section */
		3012B95426A201FD008F0525 /* BoidRenderer.swift in Sources */ = {isa = PBXBuildFile; fileRef = 3012B95326A201FD008F0525 /* BoidRenderer.swift */; };
		3012B95626A20226008F0525 /* BoidsRendering.metal in Sources */ = {isa = PBXBuildFile; fileRef = 3012B95526A20226008F0525 /* BoidsRendering.metal */; };
		3023A02926543AC30062D011 /* ImageController.swift in Sources */ = {isa = PBXBuildFile; fileRef = 3023A02726543AC30062D011 /* ImageController.swift */; };
		3023A02A26543AC30062D011 /* ImageController.xib in Resources */ = {isa = PBXBuildFile; fileRef = 3023A02826543AC30062D011 /* ImageController.xib */; };
		3024E44F2655A0E600DD195D /* ColorInput.swift in Sources */ = {isa = PBXBuildFile; fileRef = 3024E44E2655A0E600DD195D /* ColorInput.swift */; };
		3024E4512655A11900DD195D /* DimensionalInput.swift in Sources */ = {isa = PBXBuildFile; fileRef = 3024E4502655A11900DD195D /* DimensionalInput.swift */; };
		3024E4532655A14200DD195D /* StateInput.swift in Sources */ = {isa = PBXBuildFile; fileRef = 3024E4522655A14200DD195D /* StateInput.swift */; };
		3024E4552655A15D00DD195D /* ListInput.swift in Sources */ = {isa = PBXBuildFile; fileRef = 3024E4542655A15D00DD195D /* ListInput.swift */; };
		3024E4672655A4BE00DD195D /* SliderInput.swift in Sources */ = {isa = PBXBuildFile; fileRef = 3024E4662655A4BE00DD195D /* SliderInput.swift */; };
		3028F1A6263C93E0006922F0 /* EditorViewController.swift in Sources */ = {isa = PBXBuildFile; fileRef = 3028F1A4263C93E0006922F0 /* EditorViewController.swift */; };
		3028F1A7263C93E0006922F0 /* EditorViewController.xib in Resources */ = {isa = PBXBuildFile; fileRef = 3028F1A5263C93E0006922F0 /* EditorViewController.xib */; };
		3028F1AA263C9529006922F0 /* TemplateController.swift in Sources */ = {isa = PBXBuildFile; fileRef = 3028F1A8263C9529006922F0 /* TemplateController.swift */; };
		3028F1AB263C9529006922F0 /* TemplateController.xib in Resources */ = {isa = PBXBuildFile; fileRef = 3028F1A9263C9529006922F0 /* TemplateController.xib */; };
		30302D31269E2F940002AE2F /* CappedRayMarchingRenderer.swift in Sources */ = {isa = PBXBuildFile; fileRef = 30302D30269E2F940002AE2F /* CappedRayMarchingRenderer.swift */; };
		30302D33269E30040002AE2F /* RayMarchRendering.metal in Sources */ = {isa = PBXBuildFile; fileRef = 30302D32269E30040002AE2F /* RayMarchRendering.metal */; };
		3061CF31265C2FAA00D48CFA /* AnimatorController.swift in Sources */ = {isa = PBXBuildFile; fileRef = 3061CF2F265C2FAA00D48CFA /* AnimatorController.swift */; };
		3061CF32265C2FAA00D48CFA /* AnimatorController.xib in Resources */ = {isa = PBXBuildFile; fileRef = 3061CF30265C2FAA00D48CFA /* AnimatorController.xib */; };
		3092B3222641DB5700902BB6 /* InputManager.swift in Sources */ = {isa = PBXBuildFile; fileRef = 3092B3212641DB5700902BB6 /* InputManager.swift */; };
		309B4018263BC40000300BBE /* ComplexRenderer.swift in Sources */ = {isa = PBXBuildFile; fileRef = 309B4017263BC40000300BBE /* ComplexRenderer.swift */; };
		309B401B263BC4AE00300BBE /* ComplexRendering.metal in Sources */ = {isa = PBXBuildFile; fileRef = 309B401A263BC4AE00300BBE /* ComplexRendering.metal */; };
		309B401E263BCE1600300BBE /* Input.swift in Sources */ = {isa = PBXBuildFile; fileRef = 309B401D263BCE1600300BBE /* Input.swift */; };
		309B4021263BDDBE00300BBE /* InputController.swift in Sources */ = {isa = PBXBuildFile; fileRef = 309B401F263BDDBE00300BBE /* InputController.swift */; };
		309B4022263BDDBE00300BBE /* InputController.xib in Resources */ = {isa = PBXBuildFile; fileRef = 309B4020263BDDBE00300BBE /* InputController.xib */; };
		30AED9F6263A1F15007ED421 /* AppDelegate.swift in Sources */ = {isa = PBXBuildFile; fileRef = 30AED9F5263A1F15007ED421 /* AppDelegate.swift */; };
		30AED9F8263A1F16007ED421 /* Assets.xcassets in Resources */ = {isa = PBXBuildFile; fileRef = 30AED9F7263A1F16007ED421 /* Assets.xcassets */; };
		30AED9FB263A1F16007ED421 /* MainMenu.xib in Resources */ = {isa = PBXBuildFile; fileRef = 30AED9F9263A1F16007ED421 /* MainMenu.xib */; };
		30AEDA07263A1F16007ED421 /* GraphicsHubTests.swift in Sources */ = {isa = PBXBuildFile; fileRef = 30AEDA06263A1F16007ED421 /* GraphicsHubTests.swift */; };
		30AEDA12263A1F16007ED421 /* GraphicsHubUITests.swift in Sources */ = {isa = PBXBuildFile; fileRef = 30AEDA11263A1F16007ED421 /* GraphicsHubUITests.swift */; };
		30AEDA21263A1F2E007ED421 /* MainController.swift in Sources */ = {isa = PBXBuildFile; fileRef = 30AEDA1F263A1F2E007ED421 /* MainController.swift */; };
		30AEDA22263A1F2E007ED421 /* MainController.xib in Resources */ = {isa = PBXBuildFile; fileRef = 30AEDA20263A1F2E007ED421 /* MainController.xib */; };
		30AEDA24263A1F99007ED421 /* RenderingView.swift in Sources */ = {isa = PBXBuildFile; fileRef = 30AEDA23263A1F99007ED421 /* RenderingView.swift */; };
		30AEDA26263A2314007ED421 /* Renderer.swift in Sources */ = {isa = PBXBuildFile; fileRef = 30AEDA25263A2314007ED421 /* Renderer.swift */; };
		30AEDA29263A248C007ED421 /* TesterBaseRenderer.swift in Sources */ = {isa = PBXBuildFile; fileRef = 30AEDA28263A248C007ED421 /* TesterBaseRenderer.swift */; };
		30AEDA2B263A261F007ED421 /* TesterRendering.metal in Sources */ = {isa = PBXBuildFile; fileRef = 30AEDA2A263A261F007ED421 /* TesterRendering.metal */; };
		30AEDA2D263A27B7007ED421 /* RenderPipeline.metal in Sources */ = {isa = PBXBuildFile; fileRef = 30AEDA2C263A27B7007ED421 /* RenderPipeline.metal */; };
		30AEDA36263A54A2007ED421 /* LaunchPad.swift in Sources */ = {isa = PBXBuildFile; fileRef = 30AEDA34263A54A2007ED421 /* LaunchPad.swift */; };
		30AEDA37263A54A2007ED421 /* LaunchPad.xib in Resources */ = {isa = PBXBuildFile; fileRef = 30AEDA35263A54A2007ED421 /* LaunchPad.xib */; };
		30AEDA3B263A5B5B007ED421 /* RenderingOption.swift in Sources */ = {isa = PBXBuildFile; fileRef = 30AEDA39263A5B5B007ED421 /* RenderingOption.swift */; };
		30AEDA3C263A5B5B007ED421 /* RenderingOption.xib in Resources */ = {isa = PBXBuildFile; fileRef = 30AEDA3A263A5B5B007ED421 /* RenderingOption.xib */; };
		30B3916F2694EB9600ACF840 /* QuadraticAnimator.swift in Sources */ = {isa = PBXBuildFile; fileRef = 30B3916E2694EB9600ACF840 /* QuadraticAnimator.swift */; };
		30B391712694FBF600ACF840 /* Matrix.swift in Sources */ = {isa = PBXBuildFile; fileRef = 30B391702694FBF600ACF840 /* Matrix.swift */; };
		30BADFBB2656EB1C006719F7 /* TestInputRenderer.swift in Sources */ = {isa = PBXBuildFile; fileRef = 30BADFBA2656EB1B006719F7 /* TestInputRenderer.swift */; };
		30CC8730263B43650002B0B8 /* CappedRenderer.swift in Sources */ = {isa = PBXBuildFile; fileRef = 30CC872F263B43650002B0B8 /* CappedRenderer.swift */; };
		30CC8732263B482D0002B0B8 /* SharedDataTypes.metal in Sources */ = {isa = PBXBuildFile; fileRef = 30CC8731263B482D0002B0B8 /* SharedDataTypes.metal */; };
		30CC8734263B492C0002B0B8 /* TesterCappedRenderer.swift in Sources */ = {isa = PBXBuildFile; fileRef = 30CC8733263B492C0002B0B8 /* TesterCappedRenderer.swift */; };
		30D52282263FA08500DA75F6 /* TextureOutput.swift in Sources */ = {isa = PBXBuildFile; fileRef = 30D52281263FA08500DA75F6 /* TextureOutput.swift */; };
		30E26260264648CE00311F44 /* SlimeMoldRenderer.swift in Sources */ = {isa = PBXBuildFile; fileRef = 30E2625F264648CD00311F44 /* SlimeMoldRenderer.swift */; };
		30E262622646494200311F44 /* SlimeMoldRendering.metal in Sources */ = {isa = PBXBuildFile; fileRef = 30E262612646494200311F44 /* SlimeMoldRendering.metal */; };
		30FCB999263BA82200910FED /* Conway.swift in Sources */ = {isa = PBXBuildFile; fileRef = 30FCB998263BA82200910FED /* Conway.swift */; };
		30FCB99B263BA94B00910FED /* ConwayRendering.metal in Sources */ = {isa = PBXBuildFile; fileRef = 30FCB99A263BA94B00910FED /* ConwayRendering.metal */; };
		461200D6266EB4FF00AE750E /* RendererInputManager.swift in Sources */ = {isa = PBXBuildFile; fileRef = 461200D5266EB4FF00AE750E /* RendererInputManager.swift */; };
		464C7AEB26B0F55500C7CDA9 /* WhirlNoiseRenderer.swift in Sources */ = {isa = PBXBuildFile; fileRef = 464C7AEA26B0F55500C7CDA9 /* WhirlNoiseRenderer.swift */; };
		464C7AED26B0F57900C7CDA9 /* WhirlNoiseRendering.metal in Sources */ = {isa = PBXBuildFile; fileRef = 464C7AEC26B0F57900C7CDA9 /* WhirlNoiseRendering.metal */; };
		464C7AF026B0F58A00C7CDA9 /* WhirlNoise.metal in Sources */ = {isa = PBXBuildFile; fileRef = 464C7AEF26B0F58A00C7CDA9 /* WhirlNoise.metal */; };
		4658EDD826866447000828B4 /* AcceleratedRayTraceRenderer.swift in Sources */ = {isa = PBXBuildFile; fileRef = 4658EDD726866447000828B4 /* AcceleratedRayTraceRenderer.swift */; };
		4658EDDD268664EB000828B4 /* HighFidelityRayRenderer.swift in Sources */ = {isa = PBXBuildFile; fileRef = 4658EDDC268664EB000828B4 /* HighFidelityRayRenderer.swift */; };
		465FE21426752BF30038187F /* IncrementInput.swift in Sources */ = {isa = PBXBuildFile; fileRef = 465FE21326752BF30038187F /* IncrementInput.swift */; };
		465FE21A267531EF0038187F /* Helpers.swift in Sources */ = {isa = PBXBuildFile; fileRef = 465FE219267531EF0038187F /* Helpers.swift */; };
		4661A618267A6E5B00BADC8F /* SceneRenderer.swift in Sources */ = {isa = PBXBuildFile; fileRef = 4661A617267A6E5B00BADC8F /* SceneRenderer.swift */; };
		4661A620267A6E9600BADC8F /* CustomRayTraceRenderer.swift in Sources */ = {isa = PBXBuildFile; fileRef = 4661A61F267A6E9600BADC8F /* CustomRayTraceRenderer.swift */; };
		4661A625267A6F5500BADC8F /* CustomRayTraceRendering.metal in Sources */ = {isa = PBXBuildFile; fileRef = 4661A624267A6F5500BADC8F /* CustomRayTraceRendering.metal */; };
		466938922677FAD4003616E0 /* DataTypes.swift in Sources */ = {isa = PBXBuildFile; fileRef = 466938912677FAD4003616E0 /* DataTypes.swift */; };
		466C8FBD269544A000B0AC6B /* RendererCatalog.swift in Sources */ = {isa = PBXBuildFile; fileRef = 466C8FBC269544A000B0AC6B /* RendererCatalog.swift */; };
		466C8FDD26954B7100B0AC6B /* Accelerated Ray Tracing.swift in Sources */ = {isa = PBXBuildFile; fileRef = 466C8FDC26954B7100B0AC6B /* Accelerated Ray Tracing.swift */; };
		466C8FDF26954B7B00B0AC6B /* Complex Image Generator.swift in Sources */ = {isa = PBXBuildFile; fileRef = 466C8FDE26954B7B00B0AC6B /* Complex Image Generator.swift */; };
		466C8FE126954B8500B0AC6B /* Conway's Game of Life.swift in Sources */ = {isa = PBXBuildFile; fileRef = 466C8FE026954B8500B0AC6B /* Conway's Game of Life.swift */; };
		466C8FE326954B8E00B0AC6B /* Fluid Simulation.swift in Sources */ = {isa = PBXBuildFile; fileRef = 466C8FE226954B8E00B0AC6B /* Fluid Simulation.swift */; };
		466C8FE526954B9900B0AC6B /* Ray Tracing.swift in Sources */ = {isa = PBXBuildFile; fileRef = 466C8FE426954B9900B0AC6B /* Ray Tracing.swift */; };
		466C8FE726954BA000B0AC6B /* Slime Mold Simulation.swift in Sources */ = {isa = PBXBuildFile; fileRef = 466C8FE626954BA000B0AC6B /* Slime Mold Simulation.swift */; };
		4679F06526ADE742001257B7 /* PerlinNoiseRenderer.swift in Sources */ = {isa = PBXBuildFile; fileRef = 4679F06426ADE742001257B7 /* PerlinNoiseRenderer.swift */; };
		4679F06726ADE839001257B7 /* PerlinNoiseRendering.metal in Sources */ = {isa = PBXBuildFile; fileRef = 4679F06626ADE839001257B7 /* PerlinNoiseRendering.metal */; };
		4679F06926ADE8AC001257B7 /* Perlin.metal in Sources */ = {isa = PBXBuildFile; fileRef = 4679F06826ADE8AC001257B7 /* Perlin.metal */; };
		467E626726967A6E00AA9727 /* KeyFrameButton.swift in Sources */ = {isa = PBXBuildFile; fileRef = 467E626626967A6E00AA9727 /* KeyFrameButton.swift */; };
		467F07C026A90C3300E15903 /* FluidRendering.metal in Sources */ = {isa = PBXBuildFile; fileRef = 467F07BF26A90C3300E15903 /* FluidRendering.metal */; };
		467F4FA1266D98FD00C5A31A /* GraphView.swift in Sources */ = {isa = PBXBuildFile; fileRef = 467F4FA0266D98FD00C5A31A /* GraphView.swift */; };
		4695362E266702A400AFAFE7 /* AnimatorManager.swift in Sources */ = {isa = PBXBuildFile; fileRef = 4695362D266702A400AFAFE7 /* AnimatorManager.swift */; };
		46953638266703A500AFAFE7 /* AnimatorSetupController.xib in Resources */ = {isa = PBXBuildFile; fileRef = 46953636266703A500AFAFE7 /* AnimatorSetupController.xib */; };
		46C2B64A26759A21005E2733 /* LinearAnimator.swift in Sources */ = {isa = PBXBuildFile; fileRef = 46C2B64926759A21005E2733 /* LinearAnimator.swift */; };
		46C2B65226759A32005E2733 /* SinusoidalAnimator.swift in Sources */ = {isa = PBXBuildFile; fileRef = 46C2B65126759A32005E2733 /* SinusoidalAnimator.swift */; };
		46C75A262666FA8C007A87E4 /* InputAnimator.swift in Sources */ = {isa = PBXBuildFile; fileRef = 46C75A252666FA8C007A87E4 /* InputAnimator.swift */; };
		46E048EF2689465000AC0AC0 /* CustomPathRenderer.swift in Sources */ = {isa = PBXBuildFile; fileRef = 46E048EE2689465000AC0AC0 /* CustomPathRenderer.swift */; };
		46E048F7268946BD00AC0AC0 /* PathTraceRendering.metal in Sources */ = {isa = PBXBuildFile; fileRef = 46E048F6268946BD00AC0AC0 /* PathTraceRendering.metal */; };
		46E048FC2689471F00AC0AC0 /* Shared3D.metal in Sources */ = {isa = PBXBuildFile; fileRef = 46E048FB2689471F00AC0AC0 /* Shared3D.metal */; };
		46E04905268949FF00AC0AC0 /* AcceleratedRayTraceRendering.metal in Sources */ = {isa = PBXBuildFile; fileRef = 46E04904268949FF00AC0AC0 /* AcceleratedRayTraceRendering.metal */; };
		46F663F8268528ED007F72E3 /* WWDCCornellBox.swift in Sources */ = {isa = PBXBuildFile; fileRef = 46F663F7268528ED007F72E3 /* WWDCCornellBox.swift */; };
		46F663FF26852E8E007F72E3 /* Scene.swift in Sources */ = {isa = PBXBuildFile; fileRef = 46F663FD26852E8E007F72E3 /* Scene.swift */; };
		46F6640026852E8E007F72E3 /* Transforms.swift in Sources */ = {isa = PBXBuildFile; fileRef = 46F663FE26852E8E007F72E3 /* Transforms.swift */; };
		46F6640526852F38007F72E3 /* Shaders.metal in Sources */ = {isa = PBXBuildFile; fileRef = 46F6640426852F38007F72E3 /* Shaders.metal */; };
		46FDE62F2686D1B4003C9F43 /* FluidRenderer.swift in Sources */ = {isa = PBXBuildFile; fileRef = 46FDE62E2686D1B4003C9F43 /* FluidRenderer.swift */; };
/* End PBXBuildFile section */

/* Begin PBXContainerItemProxy section */
		30AEDA03263A1F16007ED421 /* PBXContainerItemProxy */ = {
			isa = PBXContainerItemProxy;
			containerPortal = 30AED9EA263A1F15007ED421 /* Project object */;
			proxyType = 1;
			remoteGlobalIDString = 30AED9F1263A1F15007ED421;
			remoteInfo = GraphicsHub;
		};
		30AEDA0E263A1F16007ED421 /* PBXContainerItemProxy */ = {
			isa = PBXContainerItemProxy;
			containerPortal = 30AED9EA263A1F15007ED421 /* Project object */;
			proxyType = 1;
			remoteGlobalIDString = 30AED9F1263A1F15007ED421;
			remoteInfo = GraphicsHub;
		};
/* End PBXContainerItemProxy section */

/* Begin PBXFileReference section */
		3012B95326A201FD008F0525 /* BoidRenderer.swift */ = {isa = PBXFileReference; lastKnownFileType = sourcecode.swift; path = BoidRenderer.swift; sourceTree = "<group>"; };
		3012B95526A20226008F0525 /* BoidsRendering.metal */ = {isa = PBXFileReference; lastKnownFileType = sourcecode.metal; path = BoidsRendering.metal; sourceTree = "<group>"; };
		3023A02726543AC30062D011 /* ImageController.swift */ = {isa = PBXFileReference; lastKnownFileType = sourcecode.swift; path = ImageController.swift; sourceTree = "<group>"; };
		3023A02826543AC30062D011 /* ImageController.xib */ = {isa = PBXFileReference; lastKnownFileType = file.xib; path = ImageController.xib; sourceTree = "<group>"; };
		3024E44E2655A0E600DD195D /* ColorInput.swift */ = {isa = PBXFileReference; lastKnownFileType = sourcecode.swift; path = ColorInput.swift; sourceTree = "<group>"; };
		3024E4502655A11900DD195D /* DimensionalInput.swift */ = {isa = PBXFileReference; lastKnownFileType = sourcecode.swift; path = DimensionalInput.swift; sourceTree = "<group>"; };
		3024E4522655A14200DD195D /* StateInput.swift */ = {isa = PBXFileReference; lastKnownFileType = sourcecode.swift; path = StateInput.swift; sourceTree = "<group>"; };
		3024E4542655A15D00DD195D /* ListInput.swift */ = {isa = PBXFileReference; lastKnownFileType = sourcecode.swift; path = ListInput.swift; sourceTree = "<group>"; };
		3024E4662655A4BE00DD195D /* SliderInput.swift */ = {isa = PBXFileReference; fileEncoding = 4; lastKnownFileType = sourcecode.swift; path = SliderInput.swift; sourceTree = "<group>"; };
		3028F1A4263C93E0006922F0 /* EditorViewController.swift */ = {isa = PBXFileReference; lastKnownFileType = sourcecode.swift; path = EditorViewController.swift; sourceTree = "<group>"; };
		3028F1A5263C93E0006922F0 /* EditorViewController.xib */ = {isa = PBXFileReference; lastKnownFileType = file.xib; path = EditorViewController.xib; sourceTree = "<group>"; };
		3028F1A8263C9529006922F0 /* TemplateController.swift */ = {isa = PBXFileReference; lastKnownFileType = sourcecode.swift; path = TemplateController.swift; sourceTree = "<group>"; };
		3028F1A9263C9529006922F0 /* TemplateController.xib */ = {isa = PBXFileReference; lastKnownFileType = file.xib; path = TemplateController.xib; sourceTree = "<group>"; };
		30302D30269E2F940002AE2F /* CappedRayMarchingRenderer.swift */ = {isa = PBXFileReference; lastKnownFileType = sourcecode.swift; path = CappedRayMarchingRenderer.swift; sourceTree = "<group>"; };
		30302D32269E30040002AE2F /* RayMarchRendering.metal */ = {isa = PBXFileReference; lastKnownFileType = sourcecode.metal; path = RayMarchRendering.metal; sourceTree = "<group>"; };
		3061CF2F265C2FAA00D48CFA /* AnimatorController.swift */ = {isa = PBXFileReference; lastKnownFileType = sourcecode.swift; path = AnimatorController.swift; sourceTree = "<group>"; };
		3061CF30265C2FAA00D48CFA /* AnimatorController.xib */ = {isa = PBXFileReference; lastKnownFileType = file.xib; path = AnimatorController.xib; sourceTree = "<group>"; };
		3092B3212641DB5700902BB6 /* InputManager.swift */ = {isa = PBXFileReference; lastKnownFileType = sourcecode.swift; path = InputManager.swift; sourceTree = "<group>"; };
		309B4017263BC40000300BBE /* ComplexRenderer.swift */ = {isa = PBXFileReference; lastKnownFileType = sourcecode.swift; path = ComplexRenderer.swift; sourceTree = "<group>"; };
		309B401A263BC4AE00300BBE /* ComplexRendering.metal */ = {isa = PBXFileReference; lastKnownFileType = sourcecode.metal; path = ComplexRendering.metal; sourceTree = "<group>"; };
		309B401D263BCE1600300BBE /* Input.swift */ = {isa = PBXFileReference; lastKnownFileType = sourcecode.swift; path = Input.swift; sourceTree = "<group>"; };
		309B401F263BDDBE00300BBE /* InputController.swift */ = {isa = PBXFileReference; lastKnownFileType = sourcecode.swift; path = InputController.swift; sourceTree = "<group>"; };
		309B4020263BDDBE00300BBE /* InputController.xib */ = {isa = PBXFileReference; lastKnownFileType = file.xib; path = InputController.xib; sourceTree = "<group>"; };
		30AED9F2263A1F15007ED421 /* GraphicsHub.app */ = {isa = PBXFileReference; explicitFileType = wrapper.application; includeInIndex = 0; path = GraphicsHub.app; sourceTree = BUILT_PRODUCTS_DIR; };
		30AED9F5263A1F15007ED421 /* AppDelegate.swift */ = {isa = PBXFileReference; lastKnownFileType = sourcecode.swift; path = AppDelegate.swift; sourceTree = "<group>"; };
		30AED9F7263A1F16007ED421 /* Assets.xcassets */ = {isa = PBXFileReference; lastKnownFileType = folder.assetcatalog; path = Assets.xcassets; sourceTree = "<group>"; };
		30AED9FA263A1F16007ED421 /* Base */ = {isa = PBXFileReference; lastKnownFileType = file.xib; name = Base; path = Base.lproj/MainMenu.xib; sourceTree = "<group>"; };
		30AED9FC263A1F16007ED421 /* Info.plist */ = {isa = PBXFileReference; lastKnownFileType = text.plist.xml; path = Info.plist; sourceTree = "<group>"; };
		30AED9FD263A1F16007ED421 /* GraphicsHub.entitlements */ = {isa = PBXFileReference; lastKnownFileType = text.plist.entitlements; path = GraphicsHub.entitlements; sourceTree = "<group>"; };
		30AEDA02263A1F16007ED421 /* GraphicsHubTests.xctest */ = {isa = PBXFileReference; explicitFileType = wrapper.cfbundle; includeInIndex = 0; path = GraphicsHubTests.xctest; sourceTree = BUILT_PRODUCTS_DIR; };
		30AEDA06263A1F16007ED421 /* GraphicsHubTests.swift */ = {isa = PBXFileReference; lastKnownFileType = sourcecode.swift; path = GraphicsHubTests.swift; sourceTree = "<group>"; };
		30AEDA08263A1F16007ED421 /* Info.plist */ = {isa = PBXFileReference; lastKnownFileType = text.plist.xml; path = Info.plist; sourceTree = "<group>"; };
		30AEDA0D263A1F16007ED421 /* GraphicsHubUITests.xctest */ = {isa = PBXFileReference; explicitFileType = wrapper.cfbundle; includeInIndex = 0; path = GraphicsHubUITests.xctest; sourceTree = BUILT_PRODUCTS_DIR; };
		30AEDA11263A1F16007ED421 /* GraphicsHubUITests.swift */ = {isa = PBXFileReference; lastKnownFileType = sourcecode.swift; path = GraphicsHubUITests.swift; sourceTree = "<group>"; };
		30AEDA13263A1F16007ED421 /* Info.plist */ = {isa = PBXFileReference; lastKnownFileType = text.plist.xml; path = Info.plist; sourceTree = "<group>"; };
		30AEDA1F263A1F2E007ED421 /* MainController.swift */ = {isa = PBXFileReference; lastKnownFileType = sourcecode.swift; path = MainController.swift; sourceTree = "<group>"; };
		30AEDA20263A1F2E007ED421 /* MainController.xib */ = {isa = PBXFileReference; lastKnownFileType = file.xib; path = MainController.xib; sourceTree = "<group>"; };
		30AEDA23263A1F99007ED421 /* RenderingView.swift */ = {isa = PBXFileReference; lastKnownFileType = sourcecode.swift; path = RenderingView.swift; sourceTree = "<group>"; };
		30AEDA25263A2314007ED421 /* Renderer.swift */ = {isa = PBXFileReference; lastKnownFileType = sourcecode.swift; path = Renderer.swift; sourceTree = "<group>"; };
		30AEDA28263A248C007ED421 /* TesterBaseRenderer.swift */ = {isa = PBXFileReference; lastKnownFileType = sourcecode.swift; path = TesterBaseRenderer.swift; sourceTree = "<group>"; };
		30AEDA2A263A261F007ED421 /* TesterRendering.metal */ = {isa = PBXFileReference; lastKnownFileType = sourcecode.metal; path = TesterRendering.metal; sourceTree = "<group>"; };
		30AEDA2C263A27B7007ED421 /* RenderPipeline.metal */ = {isa = PBXFileReference; lastKnownFileType = sourcecode.metal; path = RenderPipeline.metal; sourceTree = "<group>"; };
		30AEDA32263A2B18007ED421 /* SharedDataTypes.h */ = {isa = PBXFileReference; lastKnownFileType = sourcecode.c.h; path = SharedDataTypes.h; sourceTree = "<group>"; xcLanguageSpecificationIdentifier = xcode.lang.metal; };
		30AEDA34263A54A2007ED421 /* LaunchPad.swift */ = {isa = PBXFileReference; lastKnownFileType = sourcecode.swift; path = LaunchPad.swift; sourceTree = "<group>"; };
		30AEDA35263A54A2007ED421 /* LaunchPad.xib */ = {isa = PBXFileReference; lastKnownFileType = file.xib; path = LaunchPad.xib; sourceTree = "<group>"; };
		30AEDA39263A5B5B007ED421 /* RenderingOption.swift */ = {isa = PBXFileReference; lastKnownFileType = sourcecode.swift; path = RenderingOption.swift; sourceTree = "<group>"; };
		30AEDA3A263A5B5B007ED421 /* RenderingOption.xib */ = {isa = PBXFileReference; lastKnownFileType = file.xib; path = RenderingOption.xib; sourceTree = "<group>"; };
		30B3916E2694EB9600ACF840 /* QuadraticAnimator.swift */ = {isa = PBXFileReference; lastKnownFileType = sourcecode.swift; path = QuadraticAnimator.swift; sourceTree = "<group>"; };
		30B391702694FBF600ACF840 /* Matrix.swift */ = {isa = PBXFileReference; lastKnownFileType = sourcecode.swift; path = Matrix.swift; sourceTree = "<group>"; };
		30BADFBA2656EB1B006719F7 /* TestInputRenderer.swift */ = {isa = PBXFileReference; lastKnownFileType = sourcecode.swift; path = TestInputRenderer.swift; sourceTree = "<group>"; };
		30CC872F263B43650002B0B8 /* CappedRenderer.swift */ = {isa = PBXFileReference; lastKnownFileType = sourcecode.swift; path = CappedRenderer.swift; sourceTree = "<group>"; };
		30CC8731263B482D0002B0B8 /* SharedDataTypes.metal */ = {isa = PBXFileReference; lastKnownFileType = sourcecode.metal; path = SharedDataTypes.metal; sourceTree = "<group>"; };
		30CC8733263B492C0002B0B8 /* TesterCappedRenderer.swift */ = {isa = PBXFileReference; lastKnownFileType = sourcecode.swift; path = TesterCappedRenderer.swift; sourceTree = "<group>"; };
		30D52281263FA08500DA75F6 /* TextureOutput.swift */ = {isa = PBXFileReference; lastKnownFileType = sourcecode.swift; path = TextureOutput.swift; sourceTree = "<group>"; };
		30E2625F264648CD00311F44 /* SlimeMoldRenderer.swift */ = {isa = PBXFileReference; lastKnownFileType = sourcecode.swift; path = SlimeMoldRenderer.swift; sourceTree = "<group>"; };
		30E262612646494200311F44 /* SlimeMoldRendering.metal */ = {isa = PBXFileReference; lastKnownFileType = sourcecode.metal; path = SlimeMoldRendering.metal; sourceTree = "<group>"; };
		30FCB998263BA82200910FED /* Conway.swift */ = {isa = PBXFileReference; lastKnownFileType = sourcecode.swift; path = Conway.swift; sourceTree = "<group>"; };
		30FCB99A263BA94B00910FED /* ConwayRendering.metal */ = {isa = PBXFileReference; lastKnownFileType = sourcecode.metal; path = ConwayRendering.metal; sourceTree = "<group>"; };
		461200D5266EB4FF00AE750E /* RendererInputManager.swift */ = {isa = PBXFileReference; lastKnownFileType = sourcecode.swift; path = RendererInputManager.swift; sourceTree = "<group>"; };
		464C7AEA26B0F55500C7CDA9 /* WhirlNoiseRenderer.swift */ = {isa = PBXFileReference; lastKnownFileType = sourcecode.swift; path = WhirlNoiseRenderer.swift; sourceTree = "<group>"; };
		464C7AEC26B0F57900C7CDA9 /* WhirlNoiseRendering.metal */ = {isa = PBXFileReference; lastKnownFileType = sourcecode.metal; path = WhirlNoiseRendering.metal; sourceTree = "<group>"; };
		464C7AEE26B0F58200C7CDA9 /* WhirlNoise.h */ = {isa = PBXFileReference; lastKnownFileType = sourcecode.c.h; path = WhirlNoise.h; sourceTree = "<group>"; };
		464C7AEF26B0F58A00C7CDA9 /* WhirlNoise.metal */ = {isa = PBXFileReference; lastKnownFileType = sourcecode.metal; path = WhirlNoise.metal; sourceTree = "<group>"; };
		4658EDD726866447000828B4 /* AcceleratedRayTraceRenderer.swift */ = {isa = PBXFileReference; lastKnownFileType = sourcecode.swift; path = AcceleratedRayTraceRenderer.swift; sourceTree = "<group>"; };
		4658EDDC268664EB000828B4 /* HighFidelityRayRenderer.swift */ = {isa = PBXFileReference; lastKnownFileType = sourcecode.swift; path = HighFidelityRayRenderer.swift; sourceTree = "<group>"; };
		465FE21326752BF30038187F /* IncrementInput.swift */ = {isa = PBXFileReference; lastKnownFileType = sourcecode.swift; path = IncrementInput.swift; sourceTree = "<group>"; };
		465FE219267531EF0038187F /* Helpers.swift */ = {isa = PBXFileReference; lastKnownFileType = sourcecode.swift; path = Helpers.swift; sourceTree = "<group>"; };
		4661A617267A6E5B00BADC8F /* SceneRenderer.swift */ = {isa = PBXFileReference; lastKnownFileType = sourcecode.swift; path = SceneRenderer.swift; sourceTree = "<group>"; };
		4661A61F267A6E9600BADC8F /* CustomRayTraceRenderer.swift */ = {isa = PBXFileReference; lastKnownFileType = sourcecode.swift; path = CustomRayTraceRenderer.swift; sourceTree = "<group>"; };
		4661A624267A6F5500BADC8F /* CustomRayTraceRendering.metal */ = {isa = PBXFileReference; lastKnownFileType = sourcecode.metal; path = CustomRayTraceRendering.metal; sourceTree = "<group>"; };
		466938912677FAD4003616E0 /* DataTypes.swift */ = {isa = PBXFileReference; lastKnownFileType = sourcecode.swift; path = DataTypes.swift; sourceTree = "<group>"; };
		466C8FBC269544A000B0AC6B /* RendererCatalog.swift */ = {isa = PBXFileReference; lastKnownFileType = sourcecode.swift; path = RendererCatalog.swift; sourceTree = "<group>"; };
		466C8FDC26954B7100B0AC6B /* Accelerated Ray Tracing.swift */ = {isa = PBXFileReference; lastKnownFileType = sourcecode.swift; path = "Accelerated Ray Tracing.swift"; sourceTree = "<group>"; };
		466C8FDE26954B7B00B0AC6B /* Complex Image Generator.swift */ = {isa = PBXFileReference; lastKnownFileType = sourcecode.swift; path = "Complex Image Generator.swift"; sourceTree = "<group>"; };
		466C8FE026954B8500B0AC6B /* Conway's Game of Life.swift */ = {isa = PBXFileReference; lastKnownFileType = sourcecode.swift; path = "Conway's Game of Life.swift"; sourceTree = "<group>"; };
		466C8FE226954B8E00B0AC6B /* Fluid Simulation.swift */ = {isa = PBXFileReference; lastKnownFileType = sourcecode.swift; path = "Fluid Simulation.swift"; sourceTree = "<group>"; };
		466C8FE426954B9900B0AC6B /* Ray Tracing.swift */ = {isa = PBXFileReference; lastKnownFileType = sourcecode.swift; path = "Ray Tracing.swift"; sourceTree = "<group>"; };
		466C8FE626954BA000B0AC6B /* Slime Mold Simulation.swift */ = {isa = PBXFileReference; lastKnownFileType = sourcecode.swift; path = "Slime Mold Simulation.swift"; sourceTree = "<group>"; };
		4679F06426ADE742001257B7 /* PerlinNoiseRenderer.swift */ = {isa = PBXFileReference; lastKnownFileType = sourcecode.swift; path = PerlinNoiseRenderer.swift; sourceTree = "<group>"; };
		4679F06626ADE839001257B7 /* PerlinNoiseRendering.metal */ = {isa = PBXFileReference; lastKnownFileType = sourcecode.metal; path = PerlinNoiseRendering.metal; sourceTree = "<group>"; };
		4679F06826ADE8AC001257B7 /* Perlin.metal */ = {isa = PBXFileReference; lastKnownFileType = sourcecode.metal; path = Perlin.metal; sourceTree = "<group>"; };
		4679F06A26ADEC7C001257B7 /* Perlin.h */ = {isa = PBXFileReference; lastKnownFileType = sourcecode.c.h; path = Perlin.h; sourceTree = "<group>"; };
		467E626626967A6E00AA9727 /* KeyFrameButton.swift */ = {isa = PBXFileReference; lastKnownFileType = sourcecode.swift; path = KeyFrameButton.swift; sourceTree = "<group>"; };
		467F07BF26A90C3300E15903 /* FluidRendering.metal */ = {isa = PBXFileReference; lastKnownFileType = sourcecode.metal; path = FluidRendering.metal; sourceTree = "<group>"; };
		467F4FA0266D98FD00C5A31A /* GraphView.swift */ = {isa = PBXFileReference; lastKnownFileType = sourcecode.swift; path = GraphView.swift; sourceTree = "<group>"; };
		4695362D266702A400AFAFE7 /* AnimatorManager.swift */ = {isa = PBXFileReference; lastKnownFileType = sourcecode.swift; path = AnimatorManager.swift; sourceTree = "<group>"; };
		46953636266703A500AFAFE7 /* AnimatorSetupController.xib */ = {isa = PBXFileReference; lastKnownFileType = file.xib; path = AnimatorSetupController.xib; sourceTree = "<group>"; };
		46C2B64926759A21005E2733 /* LinearAnimator.swift */ = {isa = PBXFileReference; lastKnownFileType = sourcecode.swift; path = LinearAnimator.swift; sourceTree = "<group>"; };
		46C2B65126759A32005E2733 /* SinusoidalAnimator.swift */ = {isa = PBXFileReference; lastKnownFileType = sourcecode.swift; path = SinusoidalAnimator.swift; sourceTree = "<group>"; };
		46C75A252666FA8C007A87E4 /* InputAnimator.swift */ = {isa = PBXFileReference; lastKnownFileType = sourcecode.swift; path = InputAnimator.swift; sourceTree = "<group>"; };
		46E048EE2689465000AC0AC0 /* CustomPathRenderer.swift */ = {isa = PBXFileReference; lastKnownFileType = sourcecode.swift; path = CustomPathRenderer.swift; sourceTree = "<group>"; };
		46E048F6268946BD00AC0AC0 /* PathTraceRendering.metal */ = {isa = PBXFileReference; lastKnownFileType = sourcecode.metal; path = PathTraceRendering.metal; sourceTree = "<group>"; };
		46E048FB2689471F00AC0AC0 /* Shared3D.metal */ = {isa = PBXFileReference; lastKnownFileType = sourcecode.metal; path = Shared3D.metal; sourceTree = "<group>"; };
		46E049002689475000AC0AC0 /* Shared3D.h */ = {isa = PBXFileReference; lastKnownFileType = sourcecode.c.h; path = Shared3D.h; sourceTree = "<group>"; };
		46E04904268949FF00AC0AC0 /* AcceleratedRayTraceRendering.metal */ = {isa = PBXFileReference; lastKnownFileType = sourcecode.metal; path = AcceleratedRayTraceRendering.metal; sourceTree = "<group>"; };
		46F663F7268528ED007F72E3 /* WWDCCornellBox.swift */ = {isa = PBXFileReference; lastKnownFileType = sourcecode.swift; path = WWDCCornellBox.swift; sourceTree = "<group>"; };
		46F663FD26852E8E007F72E3 /* Scene.swift */ = {isa = PBXFileReference; fileEncoding = 4; lastKnownFileType = sourcecode.swift; path = Scene.swift; sourceTree = "<group>"; };
		46F663FE26852E8E007F72E3 /* Transforms.swift */ = {isa = PBXFileReference; fileEncoding = 4; lastKnownFileType = sourcecode.swift; path = Transforms.swift; sourceTree = "<group>"; };
		46F6640426852F38007F72E3 /* Shaders.metal */ = {isa = PBXFileReference; fileEncoding = 4; lastKnownFileType = sourcecode.metal; path = Shaders.metal; sourceTree = "<group>"; };
		46F92DD326CB1C0800D4628B /* ComplexRendering.h */ = {isa = PBXFileReference; lastKnownFileType = sourcecode.c.h; path = ComplexRendering.h; sourceTree = "<group>"; };
		46FDE62E2686D1B4003C9F43 /* FluidRenderer.swift */ = {isa = PBXFileReference; lastKnownFileType = sourcecode.swift; path = FluidRenderer.swift; sourceTree = "<group>"; };
/* End PBXFileReference section */

/* Begin PBXFrameworksBuildPhase section */
		30AED9EF263A1F15007ED421 /* Frameworks */ = {
			isa = PBXFrameworksBuildPhase;
			buildActionMask = 2147483647;
			files = (
			);
			runOnlyForDeploymentPostprocessing = 0;
		};
		30AED9FF263A1F16007ED421 /* Frameworks */ = {
			isa = PBXFrameworksBuildPhase;
			buildActionMask = 2147483647;
			files = (
			);
			runOnlyForDeploymentPostprocessing = 0;
		};
		30AEDA0A263A1F16007ED421 /* Frameworks */ = {
			isa = PBXFrameworksBuildPhase;
			buildActionMask = 2147483647;
			files = (
			);
			runOnlyForDeploymentPostprocessing = 0;
		};
/* End PBXFrameworksBuildPhase section */

/* Begin PBXGroup section */
		3012B95726A20231008F0525 /* Boids */ = {
			isa = PBXGroup;
			children = (
				3012B95326A201FD008F0525 /* BoidRenderer.swift */,
				3012B95526A20226008F0525 /* BoidsRendering.metal */,
			);
			path = Boids;
			sourceTree = "<group>";
		};
		3024E4472655A05200DD195D /* SliderInput */ = {
			isa = PBXGroup;
			children = (
				3024E4662655A4BE00DD195D /* SliderInput.swift */,
			);
			path = SliderInput;
			sourceTree = "<group>";
		};
		3024E4482655A05C00DD195D /* ColorInput */ = {
			isa = PBXGroup;
			children = (
				3024E44E2655A0E600DD195D /* ColorInput.swift */,
			);
			path = ColorInput;
			sourceTree = "<group>";
		};
		3024E4492655A08B00DD195D /* DimensionalInput */ = {
			isa = PBXGroup;
			children = (
				3024E4502655A11900DD195D /* DimensionalInput.swift */,
			);
			path = DimensionalInput;
			sourceTree = "<group>";
		};
		3024E44A2655A0A000DD195D /* StateInput */ = {
			isa = PBXGroup;
			children = (
				3024E4522655A14200DD195D /* StateInput.swift */,
			);
			path = StateInput;
			sourceTree = "<group>";
		};
		3024E44B2655A0B000DD195D /* ListInput */ = {
			isa = PBXGroup;
			children = (
				3024E4542655A15D00DD195D /* ListInput.swift */,
			);
			path = ListInput;
			sourceTree = "<group>";
		};
		30302D2F269E2F840002AE2F /* RayMarching */ = {
			isa = PBXGroup;
			children = (
				30302D30269E2F940002AE2F /* CappedRayMarchingRenderer.swift */,
				30302D32269E30040002AE2F /* RayMarchRendering.metal */,
			);
			path = RayMarching;
			sourceTree = "<group>";
		};
		309B4019263BC40800300BBE /* ComplexRenderer */ = {
			isa = PBXGroup;
			children = (
				309B4017263BC40000300BBE /* ComplexRenderer.swift */,
				46F92DD326CB1C0800D4628B /* ComplexRendering.h */,
				309B401A263BC4AE00300BBE /* ComplexRendering.metal */,
			);
			path = ComplexRenderer;
			sourceTree = "<group>";
		};
		309B401C263BCE0E00300BBE /* Input */ = {
			isa = PBXGroup;
			children = (
				309B401D263BCE1600300BBE /* Input.swift */,
				3092B3212641DB5700902BB6 /* InputManager.swift */,
				461200D5266EB4FF00AE750E /* RendererInputManager.swift */,
				467E626626967A6E00AA9727 /* KeyFrameButton.swift */,
				3024E44B2655A0B000DD195D /* ListInput */,
				465FE21226752BD00038187F /* IncrementInput */,
				3024E44A2655A0A000DD195D /* StateInput */,
				3024E4492655A08B00DD195D /* DimensionalInput */,
				3024E4482655A05C00DD195D /* ColorInput */,
				3024E4472655A05200DD195D /* SliderInput */,
				4695362C2667028300AFAFE7 /* InputController */,
			);
			path = Input;
			sourceTree = "<group>";
		};
		30AED9E9263A1F15007ED421 = {
			isa = PBXGroup;
			children = (
				30AED9F4263A1F15007ED421 /* GraphicsHub */,
				30AEDA05263A1F16007ED421 /* GraphicsHubTests */,
				30AEDA10263A1F16007ED421 /* GraphicsHubUITests */,
				30AED9F3263A1F15007ED421 /* Products */,
			);
			sourceTree = "<group>";
		};
		30AED9F3263A1F15007ED421 /* Products */ = {
			isa = PBXGroup;
			children = (
				30AED9F2263A1F15007ED421 /* GraphicsHub.app */,
				30AEDA02263A1F16007ED421 /* GraphicsHubTests.xctest */,
				30AEDA0D263A1F16007ED421 /* GraphicsHubUITests.xctest */,
			);
			name = Products;
			sourceTree = "<group>";
		};
		30AED9F4263A1F15007ED421 /* GraphicsHub */ = {
			isa = PBXGroup;
			children = (
				30AED9F5263A1F15007ED421 /* AppDelegate.swift */,
				30AEDA38263A54B9007ED421 /* Views */,
				309B401C263BCE0E00300BBE /* Input */,
				46C75A242666FA80007A87E4 /* Animating */,
				30AEDA33263A2BC3007ED421 /* Renderer */,
				465FE218267531DC0038187F /* Helpers */,
				30AEDA27263A247D007ED421 /* Tests */,
				30AED9F7263A1F16007ED421 /* Assets.xcassets */,
				30AED9F9263A1F16007ED421 /* MainMenu.xib */,
				30AED9FC263A1F16007ED421 /* Info.plist */,
				30AED9FD263A1F16007ED421 /* GraphicsHub.entitlements */,
			);
			path = GraphicsHub;
			sourceTree = "<group>";
		};
		30AEDA05263A1F16007ED421 /* GraphicsHubTests */ = {
			isa = PBXGroup;
			children = (
				30AEDA06263A1F16007ED421 /* GraphicsHubTests.swift */,
				30AEDA08263A1F16007ED421 /* Info.plist */,
			);
			path = GraphicsHubTests;
			sourceTree = "<group>";
		};
		30AEDA10263A1F16007ED421 /* GraphicsHubUITests */ = {
			isa = PBXGroup;
			children = (
				30AEDA11263A1F16007ED421 /* GraphicsHubUITests.swift */,
				30AEDA13263A1F16007ED421 /* Info.plist */,
			);
			path = GraphicsHubUITests;
			sourceTree = "<group>";
		};
		30AEDA27263A247D007ED421 /* Tests */ = {
			isa = PBXGroup;
			children = (
				30AEDA28263A248C007ED421 /* TesterBaseRenderer.swift */,
				30CC8733263B492C0002B0B8 /* TesterCappedRenderer.swift */,
				30AEDA2A263A261F007ED421 /* TesterRendering.metal */,
				3023A02726543AC30062D011 /* ImageController.swift */,
				3023A02826543AC30062D011 /* ImageController.xib */,
				30BADFBA2656EB1B006719F7 /* TestInputRenderer.swift */,
			);
			path = Tests;
			sourceTree = "<group>";
		};
		30AEDA33263A2BC3007ED421 /* Renderer */ = {
			isa = PBXGroup;
			children = (
				30E2625E2646487300311F44 /* SlimeMold */,
				309B4019263BC40800300BBE /* ComplexRenderer */,
				30FCB99C263BA95F00910FED /* Conway */,
				46FDE62D2686D18B003C9F43 /* FluidDynamics */,
				464C7AE926B0F4F100C7CDA9 /* WhirlNoise */,
				4679F06326ADE722001257B7 /* PerlinNoise */,
				466938902677FAC1003616E0 /* 3DRendering */,
				3012B95726A20231008F0525 /* Boids */,
				46DF058526713C0500B0110F /* Shared */,
				466C8FBE2695450300B0AC6B /* RendererCatalog */,
			);
			path = Renderer;
			sourceTree = "<group>";
		};
		30AEDA38263A54B9007ED421 /* Views */ = {
			isa = PBXGroup;
			children = (
				4606E3B2267BCC4900C8EFF5 /* Launch Screen */,
				30AEDA23263A1F99007ED421 /* RenderingView.swift */,
				3028F1A4263C93E0006922F0 /* EditorViewController.swift */,
				3028F1A5263C93E0006922F0 /* EditorViewController.xib */,
				30AEDA1F263A1F2E007ED421 /* MainController.swift */,
				30AEDA20263A1F2E007ED421 /* MainController.xib */,
				3028F1A8263C9529006922F0 /* TemplateController.swift */,
				3028F1A9263C9529006922F0 /* TemplateController.xib */,
			);
			path = Views;
			sourceTree = "<group>";
		};
		30E2625E2646487300311F44 /* SlimeMold */ = {
			isa = PBXGroup;
			children = (
				30E2625F264648CD00311F44 /* SlimeMoldRenderer.swift */,
				30E262612646494200311F44 /* SlimeMoldRendering.metal */,
			);
			path = SlimeMold;
			sourceTree = "<group>";
		};
		30FCB99C263BA95F00910FED /* Conway */ = {
			isa = PBXGroup;
			children = (
				30FCB998263BA82200910FED /* Conway.swift */,
				30FCB99A263BA94B00910FED /* ConwayRendering.metal */,
			);
			path = Conway;
			sourceTree = "<group>";
		};
		4606E3B2267BCC4900C8EFF5 /* Launch Screen */ = {
			isa = PBXGroup;
			children = (
				30AEDA34263A54A2007ED421 /* LaunchPad.swift */,
				30AEDA35263A54A2007ED421 /* LaunchPad.xib */,
				30AEDA39263A5B5B007ED421 /* RenderingOption.swift */,
				30AEDA3A263A5B5B007ED421 /* RenderingOption.xib */,
			);
			path = "Launch Screen";
			sourceTree = "<group>";
		};
		464C7AE926B0F4F100C7CDA9 /* WhirlNoise */ = {
			isa = PBXGroup;
			children = (
				464C7AEA26B0F55500C7CDA9 /* WhirlNoiseRenderer.swift */,
				464C7AEC26B0F57900C7CDA9 /* WhirlNoiseRendering.metal */,
				464C7AEE26B0F58200C7CDA9 /* WhirlNoise.h */,
				464C7AEF26B0F58A00C7CDA9 /* WhirlNoise.metal */,
			);
			path = WhirlNoise;
			sourceTree = "<group>";
		};
		4658EDCC268663FA000828B4 /* CustomRayTracing */ = {
			isa = PBXGroup;
			children = (
				4661A61F267A6E9600BADC8F /* CustomRayTraceRenderer.swift */,
				4661A624267A6F5500BADC8F /* CustomRayTraceRendering.metal */,
			);
			path = CustomRayTracing;
			sourceTree = "<group>";
		};
		4658EDD026866407000828B4 /* AcceleratedRayTracing */ = {
			isa = PBXGroup;
			children = (
				4658EDD726866447000828B4 /* AcceleratedRayTraceRenderer.swift */,
				46E04904268949FF00AC0AC0 /* AcceleratedRayTraceRendering.metal */,
			);
			path = AcceleratedRayTracing;
			sourceTree = "<group>";
		};
		465FE21226752BD00038187F /* IncrementInput */ = {
			isa = PBXGroup;
			children = (
				465FE21326752BF30038187F /* IncrementInput.swift */,
			);
			path = IncrementInput;
			sourceTree = "<group>";
		};
		465FE218267531DC0038187F /* Helpers */ = {
			isa = PBXGroup;
			children = (
				30B391702694FBF600ACF840 /* Matrix.swift */,
				465FE219267531EF0038187F /* Helpers.swift */,
			);
			path = Helpers;
			sourceTree = "<group>";
		};
		466938902677FAC1003616E0 /* 3DRendering */ = {
			isa = PBXGroup;
			children = (
				466938912677FAD4003616E0 /* DataTypes.swift */,
				4661A617267A6E5B00BADC8F /* SceneRenderer.swift */,
				4658EDDC268664EB000828B4 /* HighFidelityRayRenderer.swift */,
				46E048FB2689471F00AC0AC0 /* Shared3D.metal */,
				46E049002689475000AC0AC0 /* Shared3D.h */,
				30302D2F269E2F840002AE2F /* RayMarching */,
				4658EDD026866407000828B4 /* AcceleratedRayTracing */,
				46E048ED2689463600AC0AC0 /* CustomPathTracingRenderer */,
				4658EDCC268663FA000828B4 /* CustomRayTracing */,
				46F663FC26852E7A007F72E3 /* WWDCCornellBox */,
			);
			path = 3DRendering;
			sourceTree = "<group>";
		};
		466C8FBE2695450300B0AC6B /* RendererCatalog */ = {
			isa = PBXGroup;
			children = (
				466C8FBC269544A000B0AC6B /* RendererCatalog.swift */,
				466C8FBF2695456C00B0AC6B /* Descriptions */,
			);
			path = RendererCatalog;
			sourceTree = "<group>";
		};
		466C8FBF2695456C00B0AC6B /* Descriptions */ = {
			isa = PBXGroup;
			children = (
				466C8FDC26954B7100B0AC6B /* Accelerated Ray Tracing.swift */,
				466C8FDE26954B7B00B0AC6B /* Complex Image Generator.swift */,
				466C8FE026954B8500B0AC6B /* Conway's Game of Life.swift */,
				466C8FE226954B8E00B0AC6B /* Fluid Simulation.swift */,
				466C8FE426954B9900B0AC6B /* Ray Tracing.swift */,
				466C8FE626954BA000B0AC6B /* Slime Mold Simulation.swift */,
			);
			path = Descriptions;
			sourceTree = "<group>";
		};
		4679F06326ADE722001257B7 /* PerlinNoise */ = {
			isa = PBXGroup;
			children = (
				4679F06426ADE742001257B7 /* PerlinNoiseRenderer.swift */,
				4679F06626ADE839001257B7 /* PerlinNoiseRendering.metal */,
				4679F06A26ADEC7C001257B7 /* Perlin.h */,
				4679F06826ADE8AC001257B7 /* Perlin.metal */,
			);
			path = PerlinNoise;
			sourceTree = "<group>";
		};
		4695362C2667028300AFAFE7 /* InputController */ = {
			isa = PBXGroup;
			children = (
				309B401F263BDDBE00300BBE /* InputController.swift */,
				309B4020263BDDBE00300BBE /* InputController.xib */,
			);
			path = InputController;
			sourceTree = "<group>";
		};
		46C2B64826759A16005E2733 /* Animators */ = {
			isa = PBXGroup;
			children = (
				46C2B64926759A21005E2733 /* LinearAnimator.swift */,
				46C2B65126759A32005E2733 /* SinusoidalAnimator.swift */,
				30B3916E2694EB9600ACF840 /* QuadraticAnimator.swift */,
			);
			path = Animators;
			sourceTree = "<group>";
		};
		46C75A242666FA80007A87E4 /* Animating */ = {
			isa = PBXGroup;
			children = (
				46C75A252666FA8C007A87E4 /* InputAnimator.swift */,
				46C2B64826759A16005E2733 /* Animators */,
				4695362D266702A400AFAFE7 /* AnimatorManager.swift */,
				46953636266703A500AFAFE7 /* AnimatorSetupController.xib */,
				3061CF2F265C2FAA00D48CFA /* AnimatorController.swift */,
				3061CF30265C2FAA00D48CFA /* AnimatorController.xib */,
				467F4FA0266D98FD00C5A31A /* GraphView.swift */,
			);
			path = Animating;
			sourceTree = "<group>";
		};
		46DF058526713C0500B0110F /* Shared */ = {
			isa = PBXGroup;
			children = (
				30AEDA32263A2B18007ED421 /* SharedDataTypes.h */,
				30CC8731263B482D0002B0B8 /* SharedDataTypes.metal */,
				30AEDA2C263A27B7007ED421 /* RenderPipeline.metal */,
				30AEDA25263A2314007ED421 /* Renderer.swift */,
				30CC872F263B43650002B0B8 /* CappedRenderer.swift */,
				30D52281263FA08500DA75F6 /* TextureOutput.swift */,
			);
			path = Shared;
			sourceTree = "<group>";
		};
		46E048ED2689463600AC0AC0 /* CustomPathTracingRenderer */ = {
			isa = PBXGroup;
			children = (
				46E048EE2689465000AC0AC0 /* CustomPathRenderer.swift */,
				46E048F6268946BD00AC0AC0 /* PathTraceRendering.metal */,
			);
			path = CustomPathTracingRenderer;
			sourceTree = "<group>";
		};
		46F663FC26852E7A007F72E3 /* WWDCCornellBox */ = {
			isa = PBXGroup;
			children = (
				46F663F7268528ED007F72E3 /* WWDCCornellBox.swift */,
				46F663FD26852E8E007F72E3 /* Scene.swift */,
				46F663FE26852E8E007F72E3 /* Transforms.swift */,
				46F6640426852F38007F72E3 /* Shaders.metal */,
			);
			path = WWDCCornellBox;
			sourceTree = "<group>";
		};
		46FDE62D2686D18B003C9F43 /* FluidDynamics */ = {
			isa = PBXGroup;
			children = (
				46FDE62E2686D1B4003C9F43 /* FluidRenderer.swift */,
				467F07BF26A90C3300E15903 /* FluidRendering.metal */,
			);
			path = FluidDynamics;
			sourceTree = "<group>";
		};
/* End PBXGroup section */

/* Begin PBXNativeTarget section */
		30AED9F1263A1F15007ED421 /* GraphicsHub */ = {
			isa = PBXNativeTarget;
			buildConfigurationList = 30AEDA16263A1F16007ED421 /* Build configuration list for PBXNativeTarget "GraphicsHub" */;
			buildPhases = (
				30AED9EE263A1F15007ED421 /* Sources */,
				30AED9EF263A1F15007ED421 /* Frameworks */,
				30AED9F0263A1F15007ED421 /* Resources */,
			);
			buildRules = (
			);
			dependencies = (
			);
			name = GraphicsHub;
			productName = GraphicsHub;
			productReference = 30AED9F2263A1F15007ED421 /* GraphicsHub.app */;
			productType = "com.apple.product-type.application";
		};
		30AEDA01263A1F16007ED421 /* GraphicsHubTests */ = {
			isa = PBXNativeTarget;
			buildConfigurationList = 30AEDA19263A1F16007ED421 /* Build configuration list for PBXNativeTarget "GraphicsHubTests" */;
			buildPhases = (
				30AED9FE263A1F16007ED421 /* Sources */,
				30AED9FF263A1F16007ED421 /* Frameworks */,
				30AEDA00263A1F16007ED421 /* Resources */,
				465B8BDE266D8AB3009B3E20 /* ShellScript */,
			);
			buildRules = (
			);
			dependencies = (
				30AEDA04263A1F16007ED421 /* PBXTargetDependency */,
			);
			name = GraphicsHubTests;
			productName = GraphicsHubTests;
			productReference = 30AEDA02263A1F16007ED421 /* GraphicsHubTests.xctest */;
			productType = "com.apple.product-type.bundle.unit-test";
		};
		30AEDA0C263A1F16007ED421 /* GraphicsHubUITests */ = {
			isa = PBXNativeTarget;
			buildConfigurationList = 30AEDA1C263A1F16007ED421 /* Build configuration list for PBXNativeTarget "GraphicsHubUITests" */;
			buildPhases = (
				30AEDA09263A1F16007ED421 /* Sources */,
				30AEDA0A263A1F16007ED421 /* Frameworks */,
				30AEDA0B263A1F16007ED421 /* Resources */,
			);
			buildRules = (
			);
			dependencies = (
				30AEDA0F263A1F16007ED421 /* PBXTargetDependency */,
			);
			name = GraphicsHubUITests;
			productName = GraphicsHubUITests;
			productReference = 30AEDA0D263A1F16007ED421 /* GraphicsHubUITests.xctest */;
			productType = "com.apple.product-type.bundle.ui-testing";
		};
/* End PBXNativeTarget section */

/* Begin PBXProject section */
		30AED9EA263A1F15007ED421 /* Project object */ = {
			isa = PBXProject;
			attributes = {
				LastSwiftUpdateCheck = 1250;
				LastUpgradeCheck = 1250;
				TargetAttributes = {
					30AED9F1263A1F15007ED421 = {
						CreatedOnToolsVersion = 12.5;
						LastSwiftMigration = 1250;
					};
					30AEDA01263A1F16007ED421 = {
						CreatedOnToolsVersion = 12.5;
						TestTargetID = 30AED9F1263A1F15007ED421;
					};
					30AEDA0C263A1F16007ED421 = {
						CreatedOnToolsVersion = 12.5;
						TestTargetID = 30AED9F1263A1F15007ED421;
					};
				};
			};
			buildConfigurationList = 30AED9ED263A1F15007ED421 /* Build configuration list for PBXProject "GraphicsHub" */;
			compatibilityVersion = "Xcode 9.3";
			developmentRegion = en;
			hasScannedForEncodings = 0;
			knownRegions = (
				en,
				Base,
			);
			mainGroup = 30AED9E9263A1F15007ED421;
			productRefGroup = 30AED9F3263A1F15007ED421 /* Products */;
			projectDirPath = "";
			projectRoot = "";
			targets = (
				30AED9F1263A1F15007ED421 /* GraphicsHub */,
				30AEDA01263A1F16007ED421 /* GraphicsHubTests */,
				30AEDA0C263A1F16007ED421 /* GraphicsHubUITests */,
			);
		};
/* End PBXProject section */

/* Begin PBXResourcesBuildPhase section */
		30AED9F0263A1F15007ED421 /* Resources */ = {
			isa = PBXResourcesBuildPhase;
			buildActionMask = 2147483647;
			files = (
				3028F1A7263C93E0006922F0 /* EditorViewController.xib in Resources */,
				30AED9F8263A1F16007ED421 /* Assets.xcassets in Resources */,
				30AED9FB263A1F16007ED421 /* MainMenu.xib in Resources */,
				30AEDA3C263A5B5B007ED421 /* RenderingOption.xib in Resources */,
				30AEDA37263A54A2007ED421 /* LaunchPad.xib in Resources */,
				309B4022263BDDBE00300BBE /* InputController.xib in Resources */,
				3061CF32265C2FAA00D48CFA /* AnimatorController.xib in Resources */,
				3023A02A26543AC30062D011 /* ImageController.xib in Resources */,
				30AEDA22263A1F2E007ED421 /* MainController.xib in Resources */,
				3028F1AB263C9529006922F0 /* TemplateController.xib in Resources */,
				46953638266703A500AFAFE7 /* AnimatorSetupController.xib in Resources */,
			);
			runOnlyForDeploymentPostprocessing = 0;
		};
		30AEDA00263A1F16007ED421 /* Resources */ = {
			isa = PBXResourcesBuildPhase;
			buildActionMask = 2147483647;
			files = (
			);
			runOnlyForDeploymentPostprocessing = 0;
		};
		30AEDA0B263A1F16007ED421 /* Resources */ = {
			isa = PBXResourcesBuildPhase;
			buildActionMask = 2147483647;
			files = (
			);
			runOnlyForDeploymentPostprocessing = 0;
		};
/* End PBXResourcesBuildPhase section */

/* Begin PBXShellScriptBuildPhase section */
		465B8BDE266D8AB3009B3E20 /* ShellScript */ = {
			isa = PBXShellScriptBuildPhase;
			buildActionMask = 2147483647;
			files = (
			);
			inputFileListPaths = (
			);
			inputPaths = (
			);
			outputFileListPaths = (
			);
			outputPaths = (
			);
			runOnlyForDeploymentPostprocessing = 0;
			shellPath = /bin/sh;
			shellScript = "# Type a script or drag a script file from your workspace to insert its path.\nswiftlint\n";
		};
/* End PBXShellScriptBuildPhase section */

/* Begin PBXSourcesBuildPhase section */
		30AED9EE263A1F15007ED421 /* Sources */ = {
			isa = PBXSourcesBuildPhase;
			buildActionMask = 2147483647;
			files = (
				3092B3222641DB5700902BB6 /* InputManager.swift in Sources */,
				465FE21A267531EF0038187F /* Helpers.swift in Sources */,
				466C8FBD269544A000B0AC6B /* RendererCatalog.swift in Sources */,
				3012B95426A201FD008F0525 /* BoidRenderer.swift in Sources */,
				4679F06526ADE742001257B7 /* PerlinNoiseRenderer.swift in Sources */,
				3024E4512655A11900DD195D /* DimensionalInput.swift in Sources */,
				465FE21426752BF30038187F /* IncrementInput.swift in Sources */,
				46FDE62F2686D1B4003C9F43 /* FluidRenderer.swift in Sources */,
				4695362E266702A400AFAFE7 /* AnimatorManager.swift in Sources */,
				464C7AF026B0F58A00C7CDA9 /* WhirlNoise.metal in Sources */,
				30D52282263FA08500DA75F6 /* TextureOutput.swift in Sources */,
				3024E44F2655A0E600DD195D /* ColorInput.swift in Sources */,
				46E04905268949FF00AC0AC0 /* AcceleratedRayTraceRendering.metal in Sources */,
				30AEDA26263A2314007ED421 /* Renderer.swift in Sources */,
				30AEDA2D263A27B7007ED421 /* RenderPipeline.metal in Sources */,
				466C8FDD26954B7100B0AC6B /* Accelerated Ray Tracing.swift in Sources */,
				30B3916F2694EB9600ACF840 /* QuadraticAnimator.swift in Sources */,
				466C8FDF26954B7B00B0AC6B /* Complex Image Generator.swift in Sources */,
				30AEDA36263A54A2007ED421 /* LaunchPad.swift in Sources */,
				46F663F8268528ED007F72E3 /* WWDCCornellBox.swift in Sources */,
				30B391712694FBF600ACF840 /* Matrix.swift in Sources */,
				30E26260264648CE00311F44 /* SlimeMoldRenderer.swift in Sources */,
				46C2B64A26759A21005E2733 /* LinearAnimator.swift in Sources */,
				30302D33269E30040002AE2F /* RayMarchRendering.metal in Sources */,
				3024E4532655A14200DD195D /* StateInput.swift in Sources */,
				46C75A262666FA8C007A87E4 /* InputAnimator.swift in Sources */,
				4679F06726ADE839001257B7 /* PerlinNoiseRendering.metal in Sources */,
				467F4FA1266D98FD00C5A31A /* GraphView.swift in Sources */,
				4679F06926ADE8AC001257B7 /* Perlin.metal in Sources */,
				4661A620267A6E9600BADC8F /* CustomRayTraceRenderer.swift in Sources */,
				30FCB999263BA82200910FED /* Conway.swift in Sources */,
				30AEDA29263A248C007ED421 /* TesterBaseRenderer.swift in Sources */,
				466C8FE326954B8E00B0AC6B /* Fluid Simulation.swift in Sources */,
				46C2B65226759A32005E2733 /* SinusoidalAnimator.swift in Sources */,
				466C8FE526954B9900B0AC6B /* Ray Tracing.swift in Sources */,
				46E048F7268946BD00AC0AC0 /* PathTraceRendering.metal in Sources */,
				46F663FF26852E8E007F72E3 /* Scene.swift in Sources */,
				467E626726967A6E00AA9727 /* KeyFrameButton.swift in Sources */,
				464C7AED26B0F57900C7CDA9 /* WhirlNoiseRendering.metal in Sources */,
				30AEDA2B263A261F007ED421 /* TesterRendering.metal in Sources */,
				309B4021263BDDBE00300BBE /* InputController.swift in Sources */,
				466C8FE726954BA000B0AC6B /* Slime Mold Simulation.swift in Sources */,
				30CC8730263B43650002B0B8 /* CappedRenderer.swift in Sources */,
				46F6640526852F38007F72E3 /* Shaders.metal in Sources */,
				4661A618267A6E5B00BADC8F /* SceneRenderer.swift in Sources */,
				30BADFBB2656EB1C006719F7 /* TestInputRenderer.swift in Sources */,
				3028F1A6263C93E0006922F0 /* EditorViewController.swift in Sources */,
				30FCB99B263BA94B00910FED /* ConwayRendering.metal in Sources */,
				4658EDDD268664EB000828B4 /* HighFidelityRayRenderer.swift in Sources */,
				30AEDA21263A1F2E007ED421 /* MainController.swift in Sources */,
				3061CF31265C2FAA00D48CFA /* AnimatorController.swift in Sources */,
				466C8FE126954B8500B0AC6B /* Conway's Game of Life.swift in Sources */,
				3024E4672655A4BE00DD195D /* SliderInput.swift in Sources */,
				466938922677FAD4003616E0 /* DataTypes.swift in Sources */,
				467F07C026A90C3300E15903 /* FluidRendering.metal in Sources */,
				3024E4552655A15D00DD195D /* ListInput.swift in Sources */,
				3012B95626A20226008F0525 /* BoidsRendering.metal in Sources */,
				461200D6266EB4FF00AE750E /* RendererInputManager.swift in Sources */,
				464C7AEB26B0F55500C7CDA9 /* WhirlNoiseRenderer.swift in Sources */,
				30AEDA3B263A5B5B007ED421 /* RenderingOption.swift in Sources */,
				30CC8734263B492C0002B0B8 /* TesterCappedRenderer.swift in Sources */,
				46F6640026852E8E007F72E3 /* Transforms.swift in Sources */,
				309B4018263BC40000300BBE /* ComplexRenderer.swift in Sources */,
				4661A625267A6F5500BADC8F /* CustomRayTraceRendering.metal in Sources */,
				30302D31269E2F940002AE2F /* CappedRayMarchingRenderer.swift in Sources */,
				46E048EF2689465000AC0AC0 /* CustomPathRenderer.swift in Sources */,
				30AED9F6263A1F15007ED421 /* AppDelegate.swift in Sources */,
				309B401B263BC4AE00300BBE /* ComplexRendering.metal in Sources */,
				3023A02926543AC30062D011 /* ImageController.swift in Sources */,
				4658EDD826866447000828B4 /* AcceleratedRayTraceRenderer.swift in Sources */,
				309B401E263BCE1600300BBE /* Input.swift in Sources */,
				46E048FC2689471F00AC0AC0 /* Shared3D.metal in Sources */,
				30AEDA24263A1F99007ED421 /* RenderingView.swift in Sources */,
				30E262622646494200311F44 /* SlimeMoldRendering.metal in Sources */,
				30CC8732263B482D0002B0B8 /* SharedDataTypes.metal in Sources */,
				3028F1AA263C9529006922F0 /* TemplateController.swift in Sources */,
			);
			runOnlyForDeploymentPostprocessing = 0;
		};
		30AED9FE263A1F16007ED421 /* Sources */ = {
			isa = PBXSourcesBuildPhase;
			buildActionMask = 2147483647;
			files = (
				30AEDA07263A1F16007ED421 /* GraphicsHubTests.swift in Sources */,
			);
			runOnlyForDeploymentPostprocessing = 0;
		};
		30AEDA09263A1F16007ED421 /* Sources */ = {
			isa = PBXSourcesBuildPhase;
			buildActionMask = 2147483647;
			files = (
				30AEDA12263A1F16007ED421 /* GraphicsHubUITests.swift in Sources */,
			);
			runOnlyForDeploymentPostprocessing = 0;
		};
/* End PBXSourcesBuildPhase section */

/* Begin PBXTargetDependency section */
		30AEDA04263A1F16007ED421 /* PBXTargetDependency */ = {
			isa = PBXTargetDependency;
			target = 30AED9F1263A1F15007ED421 /* GraphicsHub */;
			targetProxy = 30AEDA03263A1F16007ED421 /* PBXContainerItemProxy */;
		};
		30AEDA0F263A1F16007ED421 /* PBXTargetDependency */ = {
			isa = PBXTargetDependency;
			target = 30AED9F1263A1F15007ED421 /* GraphicsHub */;
			targetProxy = 30AEDA0E263A1F16007ED421 /* PBXContainerItemProxy */;
		};
/* End PBXTargetDependency section */

/* Begin PBXVariantGroup section */
		30AED9F9263A1F16007ED421 /* MainMenu.xib */ = {
			isa = PBXVariantGroup;
			children = (
				30AED9FA263A1F16007ED421 /* Base */,
			);
			name = MainMenu.xib;
			sourceTree = "<group>";
		};
/* End PBXVariantGroup section */

/* Begin XCBuildConfiguration section */
		30AEDA14263A1F16007ED421 /* Debug */ = {
			isa = XCBuildConfiguration;
			buildSettings = {
				ALWAYS_SEARCH_USER_PATHS = NO;
				CLANG_ANALYZER_NONNULL = YES;
				CLANG_ANALYZER_NUMBER_OBJECT_CONVERSION = YES_AGGRESSIVE;
				CLANG_CXX_LANGUAGE_STANDARD = "gnu++14";
				CLANG_CXX_LIBRARY = "libc++";
				CLANG_ENABLE_MODULES = YES;
				CLANG_ENABLE_OBJC_ARC = YES;
				CLANG_ENABLE_OBJC_WEAK = YES;
				CLANG_WARN_BLOCK_CAPTURE_AUTORELEASING = YES;
				CLANG_WARN_BOOL_CONVERSION = YES;
				CLANG_WARN_COMMA = YES;
				CLANG_WARN_CONSTANT_CONVERSION = YES;
				CLANG_WARN_DEPRECATED_OBJC_IMPLEMENTATIONS = YES;
				CLANG_WARN_DIRECT_OBJC_ISA_USAGE = YES_ERROR;
				CLANG_WARN_DOCUMENTATION_COMMENTS = YES;
				CLANG_WARN_EMPTY_BODY = YES;
				CLANG_WARN_ENUM_CONVERSION = YES;
				CLANG_WARN_INFINITE_RECURSION = YES;
				CLANG_WARN_INT_CONVERSION = YES;
				CLANG_WARN_NON_LITERAL_NULL_CONVERSION = YES;
				CLANG_WARN_OBJC_IMPLICIT_RETAIN_SELF = YES;
				CLANG_WARN_OBJC_LITERAL_CONVERSION = YES;
				CLANG_WARN_OBJC_ROOT_CLASS = YES_ERROR;
				CLANG_WARN_QUOTED_INCLUDE_IN_FRAMEWORK_HEADER = YES;
				CLANG_WARN_RANGE_LOOP_ANALYSIS = YES;
				CLANG_WARN_STRICT_PROTOTYPES = YES;
				CLANG_WARN_SUSPICIOUS_MOVE = YES;
				CLANG_WARN_UNGUARDED_AVAILABILITY = YES_AGGRESSIVE;
				CLANG_WARN_UNREACHABLE_CODE = YES;
				CLANG_WARN__DUPLICATE_METHOD_MATCH = YES;
				COPY_PHASE_STRIP = NO;
				DEBUG_INFORMATION_FORMAT = dwarf;
				ENABLE_STRICT_OBJC_MSGSEND = YES;
				ENABLE_TESTABILITY = YES;
				GCC_C_LANGUAGE_STANDARD = gnu11;
				GCC_DYNAMIC_NO_PIC = NO;
				GCC_NO_COMMON_BLOCKS = YES;
				GCC_OPTIMIZATION_LEVEL = 0;
				GCC_PREPROCESSOR_DEFINITIONS = (
					"DEBUG=1",
					"$(inherited)",
				);
				GCC_WARN_64_TO_32_BIT_CONVERSION = YES;
				GCC_WARN_ABOUT_RETURN_TYPE = YES_ERROR;
				GCC_WARN_UNDECLARED_SELECTOR = YES;
				GCC_WARN_UNINITIALIZED_AUTOS = YES_AGGRESSIVE;
				GCC_WARN_UNUSED_FUNCTION = YES;
				GCC_WARN_UNUSED_VARIABLE = YES;
				MACOSX_DEPLOYMENT_TARGET = 11.0;
				MTL_ENABLE_DEBUG_INFO = INCLUDE_SOURCE;
				MTL_FAST_MATH = YES;
				ONLY_ACTIVE_ARCH = YES;
				SDKROOT = macosx;
				SWIFT_ACTIVE_COMPILATION_CONDITIONS = DEBUG;
				SWIFT_OPTIMIZATION_LEVEL = "-Onone";
			};
			name = Debug;
		};
		30AEDA15263A1F16007ED421 /* Release */ = {
			isa = XCBuildConfiguration;
			buildSettings = {
				ALWAYS_SEARCH_USER_PATHS = NO;
				CLANG_ANALYZER_NONNULL = YES;
				CLANG_ANALYZER_NUMBER_OBJECT_CONVERSION = YES_AGGRESSIVE;
				CLANG_CXX_LANGUAGE_STANDARD = "gnu++14";
				CLANG_CXX_LIBRARY = "libc++";
				CLANG_ENABLE_MODULES = YES;
				CLANG_ENABLE_OBJC_ARC = YES;
				CLANG_ENABLE_OBJC_WEAK = YES;
				CLANG_WARN_BLOCK_CAPTURE_AUTORELEASING = YES;
				CLANG_WARN_BOOL_CONVERSION = YES;
				CLANG_WARN_COMMA = YES;
				CLANG_WARN_CONSTANT_CONVERSION = YES;
				CLANG_WARN_DEPRECATED_OBJC_IMPLEMENTATIONS = YES;
				CLANG_WARN_DIRECT_OBJC_ISA_USAGE = YES_ERROR;
				CLANG_WARN_DOCUMENTATION_COMMENTS = YES;
				CLANG_WARN_EMPTY_BODY = YES;
				CLANG_WARN_ENUM_CONVERSION = YES;
				CLANG_WARN_INFINITE_RECURSION = YES;
				CLANG_WARN_INT_CONVERSION = YES;
				CLANG_WARN_NON_LITERAL_NULL_CONVERSION = YES;
				CLANG_WARN_OBJC_IMPLICIT_RETAIN_SELF = YES;
				CLANG_WARN_OBJC_LITERAL_CONVERSION = YES;
				CLANG_WARN_OBJC_ROOT_CLASS = YES_ERROR;
				CLANG_WARN_QUOTED_INCLUDE_IN_FRAMEWORK_HEADER = YES;
				CLANG_WARN_RANGE_LOOP_ANALYSIS = YES;
				CLANG_WARN_STRICT_PROTOTYPES = YES;
				CLANG_WARN_SUSPICIOUS_MOVE = YES;
				CLANG_WARN_UNGUARDED_AVAILABILITY = YES_AGGRESSIVE;
				CLANG_WARN_UNREACHABLE_CODE = YES;
				CLANG_WARN__DUPLICATE_METHOD_MATCH = YES;
				COPY_PHASE_STRIP = NO;
				DEBUG_INFORMATION_FORMAT = "dwarf-with-dsym";
				ENABLE_NS_ASSERTIONS = NO;
				ENABLE_STRICT_OBJC_MSGSEND = YES;
				GCC_C_LANGUAGE_STANDARD = gnu11;
				GCC_NO_COMMON_BLOCKS = YES;
				GCC_WARN_64_TO_32_BIT_CONVERSION = YES;
				GCC_WARN_ABOUT_RETURN_TYPE = YES_ERROR;
				GCC_WARN_UNDECLARED_SELECTOR = YES;
				GCC_WARN_UNINITIALIZED_AUTOS = YES_AGGRESSIVE;
				GCC_WARN_UNUSED_FUNCTION = YES;
				GCC_WARN_UNUSED_VARIABLE = YES;
				MACOSX_DEPLOYMENT_TARGET = 11.0;
				MTL_ENABLE_DEBUG_INFO = NO;
				MTL_FAST_MATH = YES;
				SDKROOT = macosx;
				SWIFT_COMPILATION_MODE = wholemodule;
				SWIFT_OPTIMIZATION_LEVEL = "-O";
			};
			name = Release;
		};
		30AEDA17263A1F16007ED421 /* Debug */ = {
			isa = XCBuildConfiguration;
			buildSettings = {
				ASSETCATALOG_COMPILER_APPICON_NAME = AppIcon;
				ASSETCATALOG_COMPILER_GLOBAL_ACCENT_COLOR_NAME = AccentColor;
				CLANG_ENABLE_MODULES = YES;
				CODE_SIGN_ENTITLEMENTS = GraphicsHub/GraphicsHub.entitlements;
				CODE_SIGN_IDENTITY = "-";
				CODE_SIGN_STYLE = Automatic;
				COMBINE_HIDPI_IMAGES = YES;
				DEVELOPMENT_TEAM = "";
				ENABLE_HARDENED_RUNTIME = YES;
				INFOPLIST_FILE = GraphicsHub/Info.plist;
				LD_RUNPATH_SEARCH_PATHS = (
					"$(inherited)",
					"@executable_path/../Frameworks",
				);
				MACOSX_DEPLOYMENT_TARGET = 11.0;
				PRODUCT_BUNDLE_IDENTIFIER = kelkamon.GraphicsHub;
				PRODUCT_NAME = "$(TARGET_NAME)";
				SWIFT_OPTIMIZATION_LEVEL = "-Onone";
				SWIFT_VERSION = 5.0;
			};
			name = Debug;
		};
		30AEDA18263A1F16007ED421 /* Release */ = {
			isa = XCBuildConfiguration;
			buildSettings = {
				ASSETCATALOG_COMPILER_APPICON_NAME = AppIcon;
				ASSETCATALOG_COMPILER_GLOBAL_ACCENT_COLOR_NAME = AccentColor;
				CLANG_ENABLE_MODULES = YES;
				CODE_SIGN_ENTITLEMENTS = GraphicsHub/GraphicsHub.entitlements;
				CODE_SIGN_IDENTITY = "-";
				CODE_SIGN_STYLE = Automatic;
				COMBINE_HIDPI_IMAGES = YES;
				DEVELOPMENT_TEAM = "";
				ENABLE_HARDENED_RUNTIME = YES;
				INFOPLIST_FILE = GraphicsHub/Info.plist;
				LD_RUNPATH_SEARCH_PATHS = (
					"$(inherited)",
					"@executable_path/../Frameworks",
				);
				MACOSX_DEPLOYMENT_TARGET = 11.0;
				PRODUCT_BUNDLE_IDENTIFIER = kelkamon.GraphicsHub;
				PRODUCT_NAME = "$(TARGET_NAME)";
				SWIFT_VERSION = 5.0;
			};
			name = Release;
		};
		30AEDA1A263A1F16007ED421 /* Debug */ = {
			isa = XCBuildConfiguration;
			buildSettings = {
				ALWAYS_EMBED_SWIFT_STANDARD_LIBRARIES = YES;
				BUNDLE_LOADER = "$(TEST_HOST)";
				CODE_SIGN_IDENTITY = "-";
				CODE_SIGN_STYLE = Automatic;
				COMBINE_HIDPI_IMAGES = YES;
				DEVELOPMENT_TEAM = "";
				INFOPLIST_FILE = GraphicsHubTests/Info.plist;
				LD_RUNPATH_SEARCH_PATHS = (
					"$(inherited)",
					"@executable_path/../Frameworks",
					"@loader_path/../Frameworks",
				);
				MACOSX_DEPLOYMENT_TARGET = 11.2;
				PRODUCT_BUNDLE_IDENTIFIER = kelkamon.GraphicsHubTests;
				PRODUCT_NAME = "$(TARGET_NAME)";
				SWIFT_VERSION = 5.0;
				TEST_HOST = "$(BUILT_PRODUCTS_DIR)/GraphicsHub.app/Contents/MacOS/GraphicsHub";
			};
			name = Debug;
		};
		30AEDA1B263A1F16007ED421 /* Release */ = {
			isa = XCBuildConfiguration;
			buildSettings = {
				ALWAYS_EMBED_SWIFT_STANDARD_LIBRARIES = YES;
				BUNDLE_LOADER = "$(TEST_HOST)";
				CODE_SIGN_IDENTITY = "-";
				CODE_SIGN_STYLE = Automatic;
				COMBINE_HIDPI_IMAGES = YES;
				DEVELOPMENT_TEAM = "";
				INFOPLIST_FILE = GraphicsHubTests/Info.plist;
				LD_RUNPATH_SEARCH_PATHS = (
					"$(inherited)",
					"@executable_path/../Frameworks",
					"@loader_path/../Frameworks",
				);
				MACOSX_DEPLOYMENT_TARGET = 11.2;
				PRODUCT_BUNDLE_IDENTIFIER = kelkamon.GraphicsHubTests;
				PRODUCT_NAME = "$(TARGET_NAME)";
				SWIFT_VERSION = 5.0;
				TEST_HOST = "$(BUILT_PRODUCTS_DIR)/GraphicsHub.app/Contents/MacOS/GraphicsHub";
			};
			name = Release;
		};
		30AEDA1D263A1F16007ED421 /* Debug */ = {
			isa = XCBuildConfiguration;
			buildSettings = {
				ALWAYS_EMBED_SWIFT_STANDARD_LIBRARIES = YES;
				CODE_SIGN_STYLE = Automatic;
				COMBINE_HIDPI_IMAGES = YES;
				DEVELOPMENT_TEAM = 597PF7552F;
				INFOPLIST_FILE = GraphicsHubUITests/Info.plist;
				LD_RUNPATH_SEARCH_PATHS = (
					"$(inherited)",
					"@executable_path/../Frameworks",
					"@loader_path/../Frameworks",
				);
				PRODUCT_BUNDLE_IDENTIFIER = kelkamon.GraphicsHubUITests;
				PRODUCT_NAME = "$(TARGET_NAME)";
				SWIFT_VERSION = 5.0;
				TEST_TARGET_NAME = GraphicsHub;
			};
			name = Debug;
		};
		30AEDA1E263A1F16007ED421 /* Release */ = {
			isa = XCBuildConfiguration;
			buildSettings = {
				ALWAYS_EMBED_SWIFT_STANDARD_LIBRARIES = YES;
				CODE_SIGN_STYLE = Automatic;
				COMBINE_HIDPI_IMAGES = YES;
				DEVELOPMENT_TEAM = 597PF7552F;
				INFOPLIST_FILE = GraphicsHubUITests/Info.plist;
				LD_RUNPATH_SEARCH_PATHS = (
					"$(inherited)",
					"@executable_path/../Frameworks",
					"@loader_path/../Frameworks",
				);
				PRODUCT_BUNDLE_IDENTIFIER = kelkamon.GraphicsHubUITests;
				PRODUCT_NAME = "$(TARGET_NAME)";
				SWIFT_VERSION = 5.0;
				TEST_TARGET_NAME = GraphicsHub;
			};
			name = Release;
		};
/* End XCBuildConfiguration section */

/* Begin XCConfigurationList section */
		30AED9ED263A1F15007ED421 /* Build configuration list for PBXProject "GraphicsHub" */ = {
			isa = XCConfigurationList;
			buildConfigurations = (
				30AEDA14263A1F16007ED421 /* Debug */,
				30AEDA15263A1F16007ED421 /* Release */,
			);
			defaultConfigurationIsVisible = 0;
			defaultConfigurationName = Release;
		};
		30AEDA16263A1F16007ED421 /* Build configuration list for PBXNativeTarget "GraphicsHub" */ = {
			isa = XCConfigurationList;
			buildConfigurations = (
				30AEDA17263A1F16007ED421 /* Debug */,
				30AEDA18263A1F16007ED421 /* Release */,
			);
			defaultConfigurationIsVisible = 0;
			defaultConfigurationName = Release;
		};
		30AEDA19263A1F16007ED421 /* Build configuration list for PBXNativeTarget "GraphicsHubTests" */ = {
			isa = XCConfigurationList;
			buildConfigurations = (
				30AEDA1A263A1F16007ED421 /* Debug */,
				30AEDA1B263A1F16007ED421 /* Release */,
			);
			defaultConfigurationIsVisible = 0;
			defaultConfigurationName = Release;
		};
		30AEDA1C263A1F16007ED421 /* Build configuration list for PBXNativeTarget "GraphicsHubUITests" */ = {
			isa = XCConfigurationList;
			buildConfigurations = (
				30AEDA1D263A1F16007ED421 /* Debug */,
				30AEDA1E263A1F16007ED421 /* Release */,
			);
			defaultConfigurationIsVisible = 0;
			defaultConfigurationName = Release;
		};
/* End XCConfigurationList section */
	};
	rootObject = 30AED9EA263A1F15007ED421 /* Project object */;
}
